
Microsoft Visual Studio Solution File, Format Version 11.00
# Visual Studio 2010
Project("{FAE04EC0-301F-11D3-BF4B-00C04F79EFBC}") = "HashLabelTest", "HashLabelTest\HashLabelTest.csproj", "{69F95BA8-3B9F-4B7B-966E-07889E36C9C6}"
EndProject
Global
	GlobalSection(SolutionConfigurationPlatforms) = preSolution
		Debug|iPhoneSimulator = Debug|iPhoneSimulator
		Release|iPhoneSimulator = Release|iPhoneSimulator
		Debug|iPhone = Debug|iPhone
		Release|iPhone = Release|iPhone
		Ad-Hoc|iPhone = Ad-Hoc|iPhone
		AppStore|iPhone = AppStore|iPhone
	EndGlobalSection
	GlobalSection(ProjectConfigurationPlatforms) = postSolution
		{69F95BA8-3B9F-4B7B-966E-07889E36C9C6}.Ad-Hoc|iPhone.ActiveCfg = Ad-Hoc|iPhone
		{69F95BA8-3B9F-4B7B-966E-07889E36C9C6}.Ad-Hoc|iPhone.Build.0 = Ad-Hoc|iPhone
		{69F95BA8-3B9F-4B7B-966E-07889E36C9C6}.AppStore|iPhone.ActiveCfg = AppStore|iPhone
		{69F95BA8-3B9F-4B7B-966E-07889E36C9C6}.AppStore|iPhone.Build.0 = AppStore|iPhone
		{69F95BA8-3B9F-4B7B-966E-07889E36C9C6}.Debug|iPhone.ActiveCfg = Debug|iPhone
		{69F95BA8-3B9F-4B7B-966E-07889E36C9C6}.Debug|iPhone.Build.0 = Debug|iPhone
		{69F95BA8-3B9F-4B7B-966E-07889E36C9C6}.Debug|iPhoneSimulator.ActiveCfg = Debug|iPhoneSimulator
		{69F95BA8-3B9F-4B7B-966E-07889E36C9C6}.Debug|iPhoneSimulator.Build.0 = Debug|iPhoneSimulator
		{69F95BA8-3B9F-4B7B-966E-07889E36C9C6}.Release|iPhone.ActiveCfg = Release|iPhone
		{69F95BA8-3B9F-4B7B-966E-07889E36C9C6}.Release|iPhone.Build.0 = Release|iPhone
		{69F95BA8-3B9F-4B7B-966E-07889E36C9C6}.Release|iPhoneSimulator.ActiveCfg = Release|iPhoneSimulator
		{69F95BA8-3B9F-4B7B-966E-07889E36C9C6}.Release|iPhoneSimulator.Build.0 = Release|iPhoneSimulator
	EndGlobalSection
	GlobalSection(MonoDevelopProperties) = preSolution
		StartupItem = HashLabelTest\HashLabelTest.csproj
	EndGlobalSection
EndGlobal
